{
  "name": "@bansky/tinydb",
  "version": "0.0.1",
  "lockfileVersion": 1,
  "requires": true,
  "dependencies": {
    "extend2": {
      "version": "1.0.0",
      "resolved": "https://registry.npmjs.org/extend2/-/extend2-1.0.0.tgz",
      "integrity": "sha1-BCWpibTawqSGoyJX9RQBA3Vqejw="
    },
    "fs-extra": {
      "version": "8.1.0",
      "resolved": "https://registry.npm.taobao.org/fs-extra/download/fs-extra-8.1.0.tgz",
      "integrity": "sha1-SdQ8RaiM2Wd2aMt74bRu/bjS4cA=",
      "requires": {
        "graceful-fs": "^4.2.0",
        "jsonfile": "^4.0.0",
        "universalify": "^0.1.0"
      }
    },
    "graceful-fs": {
      "version": "4.2.3",
      "resolved": "https://registry.npm.taobao.org/graceful-fs/download/graceful-fs-4.2.3.tgz",
      "integrity": "sha1-ShL/G2A3bvCYYsIJPt2Qgyi+hCM="
    },
    "jsonfile": {
      "version": "4.0.0",
      "resolved": "https://registry.npm.taobao.org/jsonfile/download/jsonfile-4.0.0.tgz",
      "integrity": "sha1-h3Gq4HmbZAdrdmQPygWPnBDjPss=",
      "requires": {
        "graceful-fs": "^4.1.6"
      }
    },
    "nanoid": {
      "version": "2.1.8",
      "resolved": "https://registry.npm.taobao.org/nanoid/download/nanoid-2.1.8.tgz",
      "integrity": "sha1-LbsCJCMbJG47TIGd57/qY4Tavwg="
    },
    "shortid": {
      "version": "2.2.15",
      "resolved": "https://registry.npm.taobao.org/shortid/download/shortid-2.2.15.tgz",
      "integrity": "sha1-K5AuqpOmmxESA3PNQqHx/kQ3wSI=",
      "requires": {
        "nanoid": "^2.1.0"
      }
    },
    "sorted-array": {
      "version": "2.0.4",
      "resolved": "https://registry.npmjs.org/sorted-array/-/sorted-array-2.0.4.tgz",
      "integrity": "sha512-58INzrX0rL6ttCfsGoFmOuQY5AjR6A5E/MmGKJ5JvWHOey6gOEOC6vO8K6C0Y2bQR6KJ8o8aFwHjp/mJ/HcYsQ=="
    },
    "universalify": {
      "version": "0.1.2",
      "resolved": "https://registry.npm.taobao.org/universalify/download/universalify-0.1.2.tgz",
      "integrity": "sha1-tkb2m+OULavOzJ1mOcgNwQXvqmY="
    }
  }
}
